
Microsoft Visual Studio Solution File, Format Version 12.00
# Visual Studio Version 16
VisualStudioVersion = 16.0.28407.52
MinimumVisualStudioVersion = 10.0.40219.1
Project("{FAE04EC0-301F-11D3-BF4B-00C04F79EFBC}") = "Sample", "Sample\Sample.csproj", "{89662912-77D4-4C72-9D3C-57752F04EACE}"
EndProject
Global
	GlobalSection(SolutionConfigurationPlatforms) = preSolution
		Debug|Any CPU = Debug|Any CPU
		Release|Any CPU = Release|Any CPU
	EndGlobalSection
	GlobalSection(ProjectConfigurationPlatforms) = postSolution
		{89662912-77D4-4C72-9D3C-57752F04EACE}.Debug|Any CPU.ActiveCfg = Debug|Any CPU
		{89662912-77D4-4C72-9D3C-57752F04EACE}.Debug|Any CPU.Build.0 = Debug|Any CPU
		{89662912-77D4-4C72-9D3C-57752F04EACE}.Release|Any CPU.ActiveCfg = Release|Any CPU
		{89662912-77D4-4C72-9D3C-57752F04EACE}.Release|Any CPU.Build.0 = Release|Any CPU
	EndGlobalSection
	GlobalSection(SolutionProperties) = preSolution
		HideSolutionNode = FALSE
	EndGlobalSection
	GlobalSection(ExtensibilityGlobals) = postSolution
		SolutionGuid = {26BDF2C0-97C1-4736-89EB-90C0B9DF2426}
	EndGlobalSection
EndGlobal
