
Microsoft Visual Studio Solution File, Format Version 12.00
# Visual Studio 15
VisualStudioVersion = 15.0.28307.168
MinimumVisualStudioVersion = 10.0.40219.1
Project("{9A19103F-16F7-4668-BE54-9A1E7A4F7556}") = "Sample", "Sample\Sample.csproj", "{89662912-77D4-4C72-9D3C-57752F04EACE}"
EndProject
Project("{FAE04EC0-301F-11D3-BF4B-00C04F79EFBC}") = "Sample.Validators", "Sample.Validators\Sample.Validators.csproj", "{118DF51A-92CF-470F-B5AF-C67E9259BC99}"
EndProject
Project("{FAE04EC0-301F-11D3-BF4B-00C04F79EFBC}") = "Sample.ViewModels", "Sample.ViewModels\Sample.ViewModels.csproj", "{B3BF30E7-2F86-493E-8AF9-6FF55CE76304}"
EndProject
Project("{FAE04EC0-301F-11D3-BF4B-00C04F79EFBC}") = "Sample.Validators.Tests", "Sample.Validators.Tests\Sample.Validators.Tests.csproj", "{C2D460C6-21A7-4459-A19F-A21C460A8855}"
EndProject
Global
	GlobalSection(SolutionConfigurationPlatforms) = preSolution
		Debug|Any CPU = Debug|Any CPU
		Release|Any CPU = Release|Any CPU
	EndGlobalSection
	GlobalSection(ProjectConfigurationPlatforms) = postSolution
		{89662912-77D4-4C72-9D3C-57752F04EACE}.Debug|Any CPU.ActiveCfg = Debug|Any CPU
		{89662912-77D4-4C72-9D3C-57752F04EACE}.Debug|Any CPU.Build.0 = Debug|Any CPU
		{89662912-77D4-4C72-9D3C-57752F04EACE}.Release|Any CPU.ActiveCfg = Release|Any CPU
		{89662912-77D4-4C72-9D3C-57752F04EACE}.Release|Any CPU.Build.0 = Release|Any CPU
		{118DF51A-92CF-470F-B5AF-C67E9259BC99}.Debug|Any CPU.ActiveCfg = Debug|Any CPU
		{118DF51A-92CF-470F-B5AF-C67E9259BC99}.Debug|Any CPU.Build.0 = Debug|Any CPU
		{118DF51A-92CF-470F-B5AF-C67E9259BC99}.Release|Any CPU.ActiveCfg = Release|Any CPU
		{118DF51A-92CF-470F-B5AF-C67E9259BC99}.Release|Any CPU.Build.0 = Release|Any CPU
		{B3BF30E7-2F86-493E-8AF9-6FF55CE76304}.Debug|Any CPU.ActiveCfg = Debug|Any CPU
		{B3BF30E7-2F86-493E-8AF9-6FF55CE76304}.Debug|Any CPU.Build.0 = Debug|Any CPU
		{B3BF30E7-2F86-493E-8AF9-6FF55CE76304}.Release|Any CPU.ActiveCfg = Release|Any CPU
		{B3BF30E7-2F86-493E-8AF9-6FF55CE76304}.Release|Any CPU.Build.0 = Release|Any CPU
		{C2D460C6-21A7-4459-A19F-A21C460A8855}.Debug|Any CPU.ActiveCfg = Debug|Any CPU
		{C2D460C6-21A7-4459-A19F-A21C460A8855}.Debug|Any CPU.Build.0 = Debug|Any CPU
		{C2D460C6-21A7-4459-A19F-A21C460A8855}.Release|Any CPU.ActiveCfg = Release|Any CPU
		{C2D460C6-21A7-4459-A19F-A21C460A8855}.Release|Any CPU.Build.0 = Release|Any CPU
	EndGlobalSection
	GlobalSection(SolutionProperties) = preSolution
		HideSolutionNode = FALSE
	EndGlobalSection
	GlobalSection(ExtensibilityGlobals) = postSolution
		SolutionGuid = {26BDF2C0-97C1-4736-89EB-90C0B9DF2426}
	EndGlobalSection
EndGlobal
